
Microsoft Visual Studio Solution File, Format Version 12.00
# Visual Studio Version 17
VisualStudioVersion = 17.5.33530.505
MinimumVisualStudioVersion = 10.0.40219.1
Project("{FAE04EC0-301F-11D3-BF4B-00C04F79EFBC}") = "AnBlog.Api", "src\AnBlog.Api\AnBlog.Api.csproj", "{D1A2328B-610C-464A-B1AF-4FECE7301EED}"
EndProject
Project("{FAE04EC0-301F-11D3-BF4B-00C04F79EFBC}") = "AnBlog.Core", "src\AnBlog.Core\AnBlog.Core.csproj", "{04F3CFFC-6F80-4EDA-AF34-E77B4C907345}"
EndProject
Project("{FAE04EC0-301F-11D3-BF4B-00C04F79EFBC}") = "AnBlog.Data", "src\AnBlog.Data\AnBlog.Data.csproj", "{E0E3FC0C-801F-44C2-B24C-7438783217E2}"
EndProject
Project("{FAE04EC0-301F-11D3-BF4B-00C04F79EFBC}") = "AnBlog.WebApp", "src\AnBlog.WebApp\AnBlog.WebApp.csproj", "{CE86FDDD-AC27-426C-9244-CAB278049B29}"
EndProject
Global
	GlobalSection(SolutionConfigurationPlatforms) = preSolution
		Debug|Any CPU = Debug|Any CPU
		Release|Any CPU = Release|Any CPU
	EndGlobalSection
	GlobalSection(ProjectConfigurationPlatforms) = postSolution
		{D1A2328B-610C-464A-B1AF-4FECE7301EED}.Debug|Any CPU.ActiveCfg = Debug|Any CPU
		{D1A2328B-610C-464A-B1AF-4FECE7301EED}.Debug|Any CPU.Build.0 = Debug|Any CPU
		{D1A2328B-610C-464A-B1AF-4FECE7301EED}.Release|Any CPU.ActiveCfg = Release|Any CPU
		{D1A2328B-610C-464A-B1AF-4FECE7301EED}.Release|Any CPU.Build.0 = Release|Any CPU
		{04F3CFFC-6F80-4EDA-AF34-E77B4C907345}.Debug|Any CPU.ActiveCfg = Debug|Any CPU
		{04F3CFFC-6F80-4EDA-AF34-E77B4C907345}.Debug|Any CPU.Build.0 = Debug|Any CPU
		{04F3CFFC-6F80-4EDA-AF34-E77B4C907345}.Release|Any CPU.ActiveCfg = Release|Any CPU
		{04F3CFFC-6F80-4EDA-AF34-E77B4C907345}.Release|Any CPU.Build.0 = Release|Any CPU
		{E0E3FC0C-801F-44C2-B24C-7438783217E2}.Debug|Any CPU.ActiveCfg = Debug|Any CPU
		{E0E3FC0C-801F-44C2-B24C-7438783217E2}.Debug|Any CPU.Build.0 = Debug|Any CPU
		{E0E3FC0C-801F-44C2-B24C-7438783217E2}.Release|Any CPU.ActiveCfg = Release|Any CPU
		{E0E3FC0C-801F-44C2-B24C-7438783217E2}.Release|Any CPU.Build.0 = Release|Any CPU
		{CE86FDDD-AC27-426C-9244-CAB278049B29}.Debug|Any CPU.ActiveCfg = Debug|Any CPU
		{CE86FDDD-AC27-426C-9244-CAB278049B29}.Debug|Any CPU.Build.0 = Debug|Any CPU
		{CE86FDDD-AC27-426C-9244-CAB278049B29}.Release|Any CPU.ActiveCfg = Release|Any CPU
		{CE86FDDD-AC27-426C-9244-CAB278049B29}.Release|Any CPU.Build.0 = Release|Any CPU
	EndGlobalSection
	GlobalSection(SolutionProperties) = preSolution
		HideSolutionNode = FALSE
	EndGlobalSection
	GlobalSection(ExtensibilityGlobals) = postSolution
		SolutionGuid = {DCDF8CB4-0A42-496A-ADAB-8E624645D961}
	EndGlobalSection
EndGlobal
